# This file is automatically @generated by Cargo.
# It is not intended for manual editing.
version = 3

[[package]]
name = "day_19"
version = "0.1.0"
dependencies = [
 "pareto_front",
]

[[package]]
name = "pareto_front"
version = "1.0.1"
source = "registry+https://github.com/rust-lang/crates.io-index"
checksum = "0b9c5b29bc46c2140b83938f0269cfa040e348727a11df9b02a3cb22aee2664f"
